
Microsoft Visual Studio Solution File, Format Version 12.00
# Visual Studio 14
VisualStudioVersion = 14.0.25420.1
MinimumVisualStudioVersion = 10.0.40219.1
Project("{FAE04EC0-301F-11D3-BF4B-00C04F79EFBC}") = "Prototype", "Prototype\Prototype.csproj", "{A70C549C-64E1-4316-ADE2-0068CF7B5E7A}"
EndProject
Project("{FAE04EC0-301F-11D3-BF4B-00C04F79EFBC}") = "SmartWatch", "SmartWatch\SmartWatch.csproj", "{5BED506A-A55D-430D-BCAF-873DACA32F20}"
EndProject
Global
	GlobalSection(SolutionConfigurationPlatforms) = preSolution
		Debug|Any CPU = Debug|Any CPU
		Release|Any CPU = Release|Any CPU
	EndGlobalSection
	GlobalSection(ProjectConfigurationPlatforms) = postSolution
		{A70C549C-64E1-4316-ADE2-0068CF7B5E7A}.Debug|Any CPU.ActiveCfg = Debug|Any CPU
		{A70C549C-64E1-4316-ADE2-0068CF7B5E7A}.Debug|Any CPU.Build.0 = Debug|Any CPU
		{A70C549C-64E1-4316-ADE2-0068CF7B5E7A}.Release|Any CPU.ActiveCfg = Release|Any CPU
		{A70C549C-64E1-4316-ADE2-0068CF7B5E7A}.Release|Any CPU.Build.0 = Release|Any CPU
		{5BED506A-A55D-430D-BCAF-873DACA32F20}.Debug|Any CPU.ActiveCfg = Debug|Any CPU
		{5BED506A-A55D-430D-BCAF-873DACA32F20}.Debug|Any CPU.Build.0 = Debug|Any CPU
		{5BED506A-A55D-430D-BCAF-873DACA32F20}.Release|Any CPU.ActiveCfg = Release|Any CPU
		{5BED506A-A55D-430D-BCAF-873DACA32F20}.Release|Any CPU.Build.0 = Release|Any CPU
	EndGlobalSection
	GlobalSection(SolutionProperties) = preSolution
		HideSolutionNode = FALSE
	EndGlobalSection
EndGlobal
